// !$*UTF8*$!
{
	archiveVersion = 1;
	classes = {
	};
	objectVersion = 56;
	objects = {

/* Begin PBXBuildFile section */
		FA838BD02C2C4CFE00F80733 /* SpotifyAppApp.swift in Sources */ = {isa = PBXBuildFile; fileRef = FA838BCF2C2C4CFE00F80733 /* SpotifyAppApp.swift */; };
		FA838BD22C2C4CFE00F80733 /* ContentView.swift in Sources */ = {isa = PBXBuildFile; fileRef = FA838BD12C2C4CFE00F80733 /* ContentView.swift */; };
		FA838BD42C2C4D0500F80733 /* Assets.xcassets in Resources */ = {isa = PBXBuildFile; fileRef = FA838BD32C2C4D0500F80733 /* Assets.xcassets */; };
		FA838BD72C2C4D0500F80733 /* Preview Assets.xcassets in Resources */ = {isa = PBXBuildFile; fileRef = FA838BD62C2C4D0500F80733 /* Preview Assets.xcassets */; };
		FA838BE22C2C4E4600F80733 /* ImageLoaderView.swift in Sources */ = {isa = PBXBuildFile; fileRef = FA838BE12C2C4E4600F80733 /* ImageLoaderView.swift */; };
		FA838BE42C2C4E8800F80733 /* Constant.swift in Sources */ = {isa = PBXBuildFile; fileRef = FA838BE32C2C4E8800F80733 /* Constant.swift */; };
		FA838BE92C2C5A8D00F80733 /* SDWebImageSwiftUI in Frameworks */ = {isa = PBXBuildFile; productRef = FA838BE82C2C5A8D00F80733 /* SDWebImageSwiftUI */; };
		FA838BEC2C2C696800F80733 /* DatabaseManager.swift in Sources */ = {isa = PBXBuildFile; fileRef = FA838BEB2C2C696800F80733 /* DatabaseManager.swift */; };
		FA838BEF2C2C699600F80733 /* Product.swift in Sources */ = {isa = PBXBuildFile; fileRef = FA838BEE2C2C699600F80733 /* Product.swift */; };
		FA838BF12C2C699F00F80733 /* User.swift in Sources */ = {isa = PBXBuildFile; fileRef = FA838BF02C2C699F00F80733 /* User.swift */; };
		FA838BF42C2C8B8E00F80733 /* HomeView.swift in Sources */ = {isa = PBXBuildFile; fileRef = FA838BF32C2C8B8E00F80733 /* HomeView.swift */; };
		FA838BF62C2C919A00F80733 /* CategoryCell.swift in Sources */ = {isa = PBXBuildFile; fileRef = FA838BF52C2C919A00F80733 /* CategoryCell.swift */; };
		FA838BF82C2C93EE00F80733 /* Category.swift in Sources */ = {isa = PBXBuildFile; fileRef = FA838BF72C2C93EE00F80733 /* Category.swift */; };
		FA838BFA2C2EE72900F80733 /* RecentsCell.swift in Sources */ = {isa = PBXBuildFile; fileRef = FA838BF92C2EE72900F80733 /* RecentsCell.swift */; };
		FA838BFD2C2EF3E400F80733 /* SwiftfulUI in Frameworks */ = {isa = PBXBuildFile; productRef = FA838BFC2C2EF3E400F80733 /* SwiftfulUI */; };
		FA838BFF2C2F055500F80733 /* NewReleaseCell.swift in Sources */ = {isa = PBXBuildFile; fileRef = FA838BFE2C2F055500F80733 /* NewReleaseCell.swift */; };
/* End PBXBuildFile section */

/* Begin PBXFileReference section */
		FA838BCC2C2C4CFE00F80733 /* SpotifyApp.app */ = {isa = PBXFileReference; explicitFileType = wrapper.application; includeInIndex = 0; path = SpotifyApp.app; sourceTree = BUILT_PRODUCTS_DIR; };
		FA838BCF2C2C4CFE00F80733 /* SpotifyAppApp.swift */ = {isa = PBXFileReference; lastKnownFileType = sourcecode.swift; path = SpotifyAppApp.swift; sourceTree = "<group>"; };
		FA838BD12C2C4CFE00F80733 /* ContentView.swift */ = {isa = PBXFileReference; lastKnownFileType = sourcecode.swift; path = ContentView.swift; sourceTree = "<group>"; };
		FA838BD32C2C4D0500F80733 /* Assets.xcassets */ = {isa = PBXFileReference; lastKnownFileType = folder.assetcatalog; path = Assets.xcassets; sourceTree = "<group>"; };
		FA838BD62C2C4D0500F80733 /* Preview Assets.xcassets */ = {isa = PBXFileReference; lastKnownFileType = folder.assetcatalog; path = "Preview Assets.xcassets"; sourceTree = "<group>"; };
		FA838BE12C2C4E4600F80733 /* ImageLoaderView.swift */ = {isa = PBXFileReference; lastKnownFileType = sourcecode.swift; path = ImageLoaderView.swift; sourceTree = "<group>"; };
		FA838BE32C2C4E8800F80733 /* Constant.swift */ = {isa = PBXFileReference; lastKnownFileType = sourcecode.swift; path = Constant.swift; sourceTree = "<group>"; };
		FA838BEB2C2C696800F80733 /* DatabaseManager.swift */ = {isa = PBXFileReference; lastKnownFileType = sourcecode.swift; path = DatabaseManager.swift; sourceTree = "<group>"; };
		FA838BEE2C2C699600F80733 /* Product.swift */ = {isa = PBXFileReference; lastKnownFileType = sourcecode.swift; path = Product.swift; sourceTree = "<group>"; };
		FA838BF02C2C699F00F80733 /* User.swift */ = {isa = PBXFileReference; lastKnownFileType = sourcecode.swift; path = User.swift; sourceTree = "<group>"; };
		FA838BF32C2C8B8E00F80733 /* HomeView.swift */ = {isa = PBXFileReference; lastKnownFileType = sourcecode.swift; path = HomeView.swift; sourceTree = "<group>"; };
		FA838BF52C2C919A00F80733 /* CategoryCell.swift */ = {isa = PBXFileReference; lastKnownFileType = sourcecode.swift; path = CategoryCell.swift; sourceTree = "<group>"; };
		FA838BF72C2C93EE00F80733 /* Category.swift */ = {isa = PBXFileReference; lastKnownFileType = sourcecode.swift; path = Category.swift; sourceTree = "<group>"; };
		FA838BF92C2EE72900F80733 /* RecentsCell.swift */ = {isa = PBXFileReference; lastKnownFileType = sourcecode.swift; path = RecentsCell.swift; sourceTree = "<group>"; };
		FA838BFE2C2F055500F80733 /* NewReleaseCell.swift */ = {isa = PBXFileReference; lastKnownFileType = sourcecode.swift; path = NewReleaseCell.swift; sourceTree = "<group>"; };
/* End PBXFileReference section */

/* Begin PBXFrameworksBuildPhase section */
		FA838BC92C2C4CFE00F80733 /* Frameworks */ = {
			isa = PBXFrameworksBuildPhase;
			buildActionMask = 2147483647;
			files = (
				FA838BFD2C2EF3E400F80733 /* SwiftfulUI in Frameworks */,
				FA838BE92C2C5A8D00F80733 /* SDWebImageSwiftUI in Frameworks */,
			);
			runOnlyForDeploymentPostprocessing = 0;
		};
/* End PBXFrameworksBuildPhase section */

/* Begin PBXGroup section */
		FA838BC32C2C4CFE00F80733 = {
			isa = PBXGroup;
			children = (
				FA838BCE2C2C4CFE00F80733 /* SpotifyApp */,
				FA838BCD2C2C4CFE00F80733 /* Products */,
			);
			sourceTree = "<group>";
		};
		FA838BCD2C2C4CFE00F80733 /* Products */ = {
			isa = PBXGroup;
			children = (
				FA838BCC2C2C4CFE00F80733 /* SpotifyApp.app */,
			);
			name = Products;
			sourceTree = "<group>";
		};
		FA838BCE2C2C4CFE00F80733 /* SpotifyApp */ = {
			isa = PBXGroup;
			children = (
				FA838BF22C2C8B6400F80733 /* Core */,
				FA838BED2C2C698400F80733 /* Model */,
				FA838BEA2C2C694400F80733 /* DataBaseManager */,
				FA838BE02C2C4E2B00F80733 /* Components */,
				FA838BCF2C2C4CFE00F80733 /* SpotifyAppApp.swift */,
				FA838BD12C2C4CFE00F80733 /* ContentView.swift */,
				FA838BD32C2C4D0500F80733 /* Assets.xcassets */,
				FA838BD52C2C4D0500F80733 /* Preview Content */,
			);
			path = SpotifyApp;
			sourceTree = "<group>";
		};
		FA838BD52C2C4D0500F80733 /* Preview Content */ = {
			isa = PBXGroup;
			children = (
				FA838BD62C2C4D0500F80733 /* Preview Assets.xcassets */,
			);
			path = "Preview Content";
			sourceTree = "<group>";
		};
		FA838BE02C2C4E2B00F80733 /* Components */ = {
			isa = PBXGroup;
			children = (
				FA838BE12C2C4E4600F80733 /* ImageLoaderView.swift */,
				FA838BE32C2C4E8800F80733 /* Constant.swift */,
				FA838BF52C2C919A00F80733 /* CategoryCell.swift */,
				FA838BF92C2EE72900F80733 /* RecentsCell.swift */,
				FA838BFE2C2F055500F80733 /* NewReleaseCell.swift */,
			);
			path = Components;
			sourceTree = "<group>";
		};
		FA838BEA2C2C694400F80733 /* DataBaseManager */ = {
			isa = PBXGroup;
			children = (
				FA838BEB2C2C696800F80733 /* DatabaseManager.swift */,
			);
			path = DataBaseManager;
			sourceTree = "<group>";
		};
		FA838BED2C2C698400F80733 /* Model */ = {
			isa = PBXGroup;
			children = (
				FA838BEE2C2C699600F80733 /* Product.swift */,
				FA838BF02C2C699F00F80733 /* User.swift */,
				FA838BF72C2C93EE00F80733 /* Category.swift */,
			);
			path = Model;
			sourceTree = "<group>";
		};
		FA838BF22C2C8B6400F80733 /* Core */ = {
			isa = PBXGroup;
			children = (
				FA838BF32C2C8B8E00F80733 /* HomeView.swift */,
			);
			path = Core;
			sourceTree = "<group>";
		};
/* End PBXGroup section */

/* Begin PBXNativeTarget section */
		FA838BCB2C2C4CFE00F80733 /* SpotifyApp */ = {
			isa = PBXNativeTarget;
			buildConfigurationList = FA838BDA2C2C4D0500F80733 /* Build configuration list for PBXNativeTarget "SpotifyApp" */;
			buildPhases = (
				FA838BC82C2C4CFE00F80733 /* Sources */,
				FA838BC92C2C4CFE00F80733 /* Frameworks */,
				FA838BCA2C2C4CFE00F80733 /* Resources */,
			);
			buildRules = (
			);
			dependencies = (
			);
			name = SpotifyApp;
			packageProductDependencies = (
				FA838BE82C2C5A8D00F80733 /* SDWebImageSwiftUI */,
				FA838BFC2C2EF3E400F80733 /* SwiftfulUI */,
			);
			productName = SpotifyApp;
			productReference = FA838BCC2C2C4CFE00F80733 /* SpotifyApp.app */;
			productType = "com.apple.product-type.application";
		};
/* End PBXNativeTarget section */

/* Begin PBXProject section */
		FA838BC42C2C4CFE00F80733 /* Project object */ = {
			isa = PBXProject;
			attributes = {
				BuildIndependentTargetsInParallel = 1;
				LastSwiftUpdateCheck = 1520;
				LastUpgradeCheck = 1520;
				TargetAttributes = {
					FA838BCB2C2C4CFE00F80733 = {
						CreatedOnToolsVersion = 15.2;
					};
				};
			};
			buildConfigurationList = FA838BC72C2C4CFE00F80733 /* Build configuration list for PBXProject "SpotifyApp" */;
			compatibilityVersion = "Xcode 14.0";
			developmentRegion = en;
			hasScannedForEncodings = 0;
			knownRegions = (
				en,
				Base,
			);
			mainGroup = FA838BC32C2C4CFE00F80733;
			packageReferences = (
				FA838BE72C2C5A8C00F80733 /* XCRemoteSwiftPackageReference "SDWebImageSwiftUI" */,
				FA838BFB2C2EF3E400F80733 /* XCRemoteSwiftPackageReference "SwiftfulUI" */,
			);
			productRefGroup = FA838BCD2C2C4CFE00F80733 /* Products */;
			projectDirPath = "";
			projectRoot = "";
			targets = (
				FA838BCB2C2C4CFE00F80733 /* SpotifyApp */,
			);
		};
/* End PBXProject section */

/* Begin PBXResourcesBuildPhase section */
		FA838BCA2C2C4CFE00F80733 /* Resources */ = {
			isa = PBXResourcesBuildPhase;
			buildActionMask = 2147483647;
			files = (
				FA838BD72C2C4D0500F80733 /* Preview Assets.xcassets in Resources */,
				FA838BD42C2C4D0500F80733 /* Assets.xcassets in Resources */,
			);
			runOnlyForDeploymentPostprocessing = 0;
		};
/* End PBXResourcesBuildPhase section */

/* Begin PBXSourcesBuildPhase section */
		FA838BC82C2C4CFE00F80733 /* Sources */ = {
			isa = PBXSourcesBuildPhase;
			buildActionMask = 2147483647;
			files = (
				FA838BE22C2C4E4600F80733 /* ImageLoaderView.swift in Sources */,
				FA838BF82C2C93EE00F80733 /* Category.swift in Sources */,
				FA838BFF2C2F055500F80733 /* NewReleaseCell.swift in Sources */,
				FA838BD22C2C4CFE00F80733 /* ContentView.swift in Sources */,
				FA838BEC2C2C696800F80733 /* DatabaseManager.swift in Sources */,
				FA838BD02C2C4CFE00F80733 /* SpotifyAppApp.swift in Sources */,
				FA838BE42C2C4E8800F80733 /* Constant.swift in Sources */,
				FA838BF62C2C919A00F80733 /* CategoryCell.swift in Sources */,
				FA838BFA2C2EE72900F80733 /* RecentsCell.swift in Sources */,
				FA838BF42C2C8B8E00F80733 /* HomeView.swift in Sources */,
				FA838BEF2C2C699600F80733 /* Product.swift in Sources */,
				FA838BF12C2C699F00F80733 /* User.swift in Sources */,
			);
			runOnlyForDeploymentPostprocessing = 0;
		};
/* End PBXSourcesBuildPhase section */

/* Begin XCBuildConfiguration section */
		FA838BD82C2C4D0500F80733 /* Debug */ = {
			isa = XCBuildConfiguration;
			buildSettings = {
				ALWAYS_SEARCH_USER_PATHS = NO;
				ASSETCATALOG_COMPILER_GENERATE_SWIFT_ASSET_SYMBOL_EXTENSIONS = YES;
				CLANG_ANALYZER_NONNULL = YES;
				CLANG_ANALYZER_NUMBER_OBJECT_CONVERSION = YES_AGGRESSIVE;
				CLANG_CXX_LANGUAGE_STANDARD = "gnu++20";
				CLANG_ENABLE_MODULES = YES;
				CLANG_ENABLE_OBJC_ARC = YES;
				CLANG_ENABLE_OBJC_WEAK = YES;
				CLANG_WARN_BLOCK_CAPTURE_AUTORELEASING = YES;
				CLANG_WARN_BOOL_CONVERSION = YES;
				CLANG_WARN_COMMA = YES;
				CLANG_WARN_CONSTANT_CONVERSION = YES;
				CLANG_WARN_DEPRECATED_OBJC_IMPLEMENTATIONS = YES;
				CLANG_WARN_DIRECT_OBJC_ISA_USAGE = YES_ERROR;
				CLANG_WARN_DOCUMENTATION_COMMENTS = YES;
				CLANG_WARN_EMPTY_BODY = YES;
				CLANG_WARN_ENUM_CONVERSION = YES;
				CLANG_WARN_INFINITE_RECURSION = YES;
				CLANG_WARN_INT_CONVERSION = YES;
				CLANG_WARN_NON_LITERAL_NULL_CONVERSION = YES;
				CLANG_WARN_OBJC_IMPLICIT_RETAIN_SELF = YES;
				CLANG_WARN_OBJC_LITERAL_CONVERSION = YES;
				CLANG_WARN_OBJC_ROOT_CLASS = YES_ERROR;
				CLANG_WARN_QUOTED_INCLUDE_IN_FRAMEWORK_HEADER = YES;
				CLANG_WARN_RANGE_LOOP_ANALYSIS = YES;
				CLANG_WARN_STRICT_PROTOTYPES = YES;
				CLANG_WARN_SUSPICIOUS_MOVE = YES;
				CLANG_WARN_UNGUARDED_AVAILABILITY = YES_AGGRESSIVE;
				CLANG_WARN_UNREACHABLE_CODE = YES;
				CLANG_WARN__DUPLICATE_METHOD_MATCH = YES;
				COPY_PHASE_STRIP = NO;
				DEBUG_INFORMATION_FORMAT = dwarf;
				ENABLE_STRICT_OBJC_MSGSEND = YES;
				ENABLE_TESTABILITY = YES;
				ENABLE_USER_SCRIPT_SANDBOXING = YES;
				GCC_C_LANGUAGE_STANDARD = gnu17;
				GCC_DYNAMIC_NO_PIC = NO;
				GCC_NO_COMMON_BLOCKS = YES;
				GCC_OPTIMIZATION_LEVEL = 0;
				GCC_PREPROCESSOR_DEFINITIONS = (
					"DEBUG=1",
					"$(inherited)",
				);
				GCC_WARN_64_TO_32_BIT_CONVERSION = YES;
				GCC_WARN_ABOUT_RETURN_TYPE = YES_ERROR;
				GCC_WARN_UNDECLARED_SELECTOR = YES;
				GCC_WARN_UNINITIALIZED_AUTOS = YES_AGGRESSIVE;
				GCC_WARN_UNUSED_FUNCTION = YES;
				GCC_WARN_UNUSED_VARIABLE = YES;
				IPHONEOS_DEPLOYMENT_TARGET = 15.0;
				LOCALIZATION_PREFERS_STRING_CATALOGS = YES;
				MTL_ENABLE_DEBUG_INFO = INCLUDE_SOURCE;
				MTL_FAST_MATH = YES;
				ONLY_ACTIVE_ARCH = YES;
				SDKROOT = iphoneos;
				SWIFT_ACTIVE_COMPILATION_CONDITIONS = "DEBUG $(inherited)";
				SWIFT_OPTIMIZATION_LEVEL = "-Onone";
			};
			name = Debug;
		};
		FA838BD92C2C4D0500F80733 /* Release */ = {
			isa = XCBuildConfiguration;
			buildSettings = {
				ALWAYS_SEARCH_USER_PATHS = NO;
				ASSETCATALOG_COMPILER_GENERATE_SWIFT_ASSET_SYMBOL_EXTENSIONS = YES;
				CLANG_ANALYZER_NONNULL = YES;
				CLANG_ANALYZER_NUMBER_OBJECT_CONVERSION = YES_AGGRESSIVE;
				CLANG_CXX_LANGUAGE_STANDARD = "gnu++20";
				CLANG_ENABLE_MODULES = YES;
				CLANG_ENABLE_OBJC_ARC = YES;
				CLANG_ENABLE_OBJC_WEAK = YES;
				CLANG_WARN_BLOCK_CAPTURE_AUTORELEASING = YES;
				CLANG_WARN_BOOL_CONVERSION = YES;
				CLANG_WARN_COMMA = YES;
				CLANG_WARN_CONSTANT_CONVERSION = YES;
				CLANG_WARN_DEPRECATED_OBJC_IMPLEMENTATIONS = YES;
				CLANG_WARN_DIRECT_OBJC_ISA_USAGE = YES_ERROR;
				CLANG_WARN_DOCUMENTATION_COMMENTS = YES;
				CLANG_WARN_EMPTY_BODY = YES;
				CLANG_WARN_ENUM_CONVERSION = YES;
				CLANG_WARN_INFINITE_RECURSION = YES;
				CLANG_WARN_INT_CONVERSION = YES;
				CLANG_WARN_NON_LITERAL_NULL_CONVERSION = YES;
				CLANG_WARN_OBJC_IMPLICIT_RETAIN_SELF = YES;
				CLANG_WARN_OBJC_LITERAL_CONVERSION = YES;
				CLANG_WARN_OBJC_ROOT_CLASS = YES_ERROR;
				CLANG_WARN_QUOTED_INCLUDE_IN_FRAMEWORK_HEADER = YES;
				CLANG_WARN_RANGE_LOOP_ANALYSIS = YES;
				CLANG_WARN_STRICT_PROTOTYPES = YES;
				CLANG_WARN_SUSPICIOUS_MOVE = YES;
				CLANG_WARN_UNGUARDED_AVAILABILITY = YES_AGGRESSIVE;
				CLANG_WARN_UNREACHABLE_CODE = YES;
				CLANG_WARN__DUPLICATE_METHOD_MATCH = YES;
				COPY_PHASE_STRIP = NO;
				DEBUG_INFORMATION_FORMAT = "dwarf-with-dsym";
				ENABLE_NS_ASSERTIONS = NO;
				ENABLE_STRICT_OBJC_MSGSEND = YES;
				ENABLE_USER_SCRIPT_SANDBOXING = YES;
				GCC_C_LANGUAGE_STANDARD = gnu17;
				GCC_NO_COMMON_BLOCKS = YES;
				GCC_WARN_64_TO_32_BIT_CONVERSION = YES;
				GCC_WARN_ABOUT_RETURN_TYPE = YES_ERROR;
				GCC_WARN_UNDECLARED_SELECTOR = YES;
				GCC_WARN_UNINITIALIZED_AUTOS = YES_AGGRESSIVE;
				GCC_WARN_UNUSED_FUNCTION = YES;
				GCC_WARN_UNUSED_VARIABLE = YES;
				IPHONEOS_DEPLOYMENT_TARGET = 15.0;
				LOCALIZATION_PREFERS_STRING_CATALOGS = YES;
				MTL_ENABLE_DEBUG_INFO = NO;
				MTL_FAST_MATH = YES;
				SDKROOT = iphoneos;
				SWIFT_COMPILATION_MODE = wholemodule;
				VALIDATE_PRODUCT = YES;
			};
			name = Release;
		};
		FA838BDB2C2C4D0500F80733 /* Debug */ = {
			isa = XCBuildConfiguration;
			buildSettings = {
				ASSETCATALOG_COMPILER_APPICON_NAME = AppIcon;
				ASSETCATALOG_COMPILER_GLOBAL_ACCENT_COLOR_NAME = AccentColor;
				CODE_SIGN_STYLE = Automatic;
				CURRENT_PROJECT_VERSION = 1;
				DEVELOPMENT_ASSET_PATHS = "\"SpotifyApp/Preview Content\"";
				DEVELOPMENT_TEAM = 666MHQLQ7X;
				ENABLE_PREVIEWS = YES;
				GENERATE_INFOPLIST_FILE = YES;
				INFOPLIST_KEY_UIApplicationSceneManifest_Generation = YES;
				INFOPLIST_KEY_UIApplicationSupportsIndirectInputEvents = YES;
				INFOPLIST_KEY_UILaunchScreen_Generation = YES;
				INFOPLIST_KEY_UISupportedInterfaceOrientations_iPad = "UIInterfaceOrientationPortrait UIInterfaceOrientationPortraitUpsideDown UIInterfaceOrientationLandscapeLeft UIInterfaceOrientationLandscapeRight";
				INFOPLIST_KEY_UISupportedInterfaceOrientations_iPhone = "UIInterfaceOrientationPortrait UIInterfaceOrientationLandscapeLeft UIInterfaceOrientationLandscapeRight";
				IPHONEOS_DEPLOYMENT_TARGET = 15;
				LD_RUNPATH_SEARCH_PATHS = (
					"$(inherited)",
					"@executable_path/Frameworks",
				);
				MARKETING_VERSION = 1.0;
				PRODUCT_BUNDLE_IDENTIFIER = mur.SpotifyApp;
				PRODUCT_NAME = "$(TARGET_NAME)";
				SWIFT_EMIT_LOC_STRINGS = YES;
				SWIFT_VERSION = 5.0;
				TARGETED_DEVICE_FAMILY = "1,2";
			};
			name = Debug;
		};
		FA838BDC2C2C4D0500F80733 /* Release */ = {
			isa = XCBuildConfiguration;
			buildSettings = {
				ASSETCATALOG_COMPILER_APPICON_NAME = AppIcon;
				ASSETCATALOG_COMPILER_GLOBAL_ACCENT_COLOR_NAME = AccentColor;
				CODE_SIGN_STYLE = Automatic;
				CURRENT_PROJECT_VERSION = 1;
				DEVELOPMENT_ASSET_PATHS = "\"SpotifyApp/Preview Content\"";
				DEVELOPMENT_TEAM = 666MHQLQ7X;
				ENABLE_PREVIEWS = YES;
				GENERATE_INFOPLIST_FILE = YES;
				INFOPLIST_KEY_UIApplicationSceneManifest_Generation = YES;
				INFOPLIST_KEY_UIApplicationSupportsIndirectInputEvents = YES;
				INFOPLIST_KEY_UILaunchScreen_Generation = YES;
				INFOPLIST_KEY_UISupportedInterfaceOrientations_iPad = "UIInterfaceOrientationPortrait UIInterfaceOrientationPortraitUpsideDown UIInterfaceOrientationLandscapeLeft UIInterfaceOrientationLandscapeRight";
				INFOPLIST_KEY_UISupportedInterfaceOrientations_iPhone = "UIInterfaceOrientationPortrait UIInterfaceOrientationLandscapeLeft UIInterfaceOrientationLandscapeRight";
				IPHONEOS_DEPLOYMENT_TARGET = 15;
				LD_RUNPATH_SEARCH_PATHS = (
					"$(inherited)",
					"@executable_path/Frameworks",
				);
				MARKETING_VERSION = 1.0;
				PRODUCT_BUNDLE_IDENTIFIER = mur.SpotifyApp;
				PRODUCT_NAME = "$(TARGET_NAME)";
				SWIFT_EMIT_LOC_STRINGS = YES;
				SWIFT_VERSION = 5.0;
				TARGETED_DEVICE_FAMILY = "1,2";
			};
			name = Release;
		};
/* End XCBuildConfiguration section */

/* Begin XCConfigurationList section */
		FA838BC72C2C4CFE00F80733 /* Build configuration list for PBXProject "SpotifyApp" */ = {
			isa = XCConfigurationList;
			buildConfigurations = (
				FA838BD82C2C4D0500F80733 /* Debug */,
				FA838BD92C2C4D0500F80733 /* Release */,
			);
			defaultConfigurationIsVisible = 0;
			defaultConfigurationName = Release;
		};
		FA838BDA2C2C4D0500F80733 /* Build configuration list for PBXNativeTarget "SpotifyApp" */ = {
			isa = XCConfigurationList;
			buildConfigurations = (
				FA838BDB2C2C4D0500F80733 /* Debug */,
				FA838BDC2C2C4D0500F80733 /* Release */,
			);
			defaultConfigurationIsVisible = 0;
			defaultConfigurationName = Release;
		};
/* End XCConfigurationList section */

/* Begin XCRemoteSwiftPackageReference section */
		FA838BE72C2C5A8C00F80733 /* XCRemoteSwiftPackageReference "SDWebImageSwiftUI" */ = {
			isa = XCRemoteSwiftPackageReference;
			repositoryURL = "https://github.com/SDWebImage/SDWebImageSwiftUI";
			requirement = {
				kind = upToNextMajorVersion;
				minimumVersion = 3.0.4;
			};
		};
		FA838BFB2C2EF3E400F80733 /* XCRemoteSwiftPackageReference "SwiftfulUI" */ = {
			isa = XCRemoteSwiftPackageReference;
			repositoryURL = "https://github.com/SwiftfulThinking/SwiftfulUI.git";
			requirement = {
				kind = upToNextMajorVersion;
				minimumVersion = 1.2.0;
			};
		};
/* End XCRemoteSwiftPackageReference section */

/* Begin XCSwiftPackageProductDependency section */
		FA838BE82C2C5A8D00F80733 /* SDWebImageSwiftUI */ = {
			isa = XCSwiftPackageProductDependency;
			package = FA838BE72C2C5A8C00F80733 /* XCRemoteSwiftPackageReference "SDWebImageSwiftUI" */;
			productName = SDWebImageSwiftUI;
		};
		FA838BFC2C2EF3E400F80733 /* SwiftfulUI */ = {
			isa = XCSwiftPackageProductDependency;
			package = FA838BFB2C2EF3E400F80733 /* XCRemoteSwiftPackageReference "SwiftfulUI" */;
			productName = SwiftfulUI;
		};
/* End XCSwiftPackageProductDependency section */
	};
	rootObject = FA838BC42C2C4CFE00F80733 /* Project object */;
}
